
Microsoft Visual Studio Solution File, Format Version 12.00
# Visual Studio Version 17
VisualStudioVersion = 17.9.34321.82
MinimumVisualStudioVersion = 10.0.40219.1
Project("{FAE04EC0-301F-11D3-BF4B-00C04F79EFBC}") = "ThunderHerd.Api", "ThunderHerd.Api\ThunderHerd.Api.csproj", "{7A258724-0907-4230-9659-2857353CAB4B}"
EndProject
Project("{FAE04EC0-301F-11D3-BF4B-00C04F79EFBC}") = "ThunderHerd.Core", "ThunderHerd.Core\ThunderHerd.Core.csproj", "{2BA6CC70-7C07-4D99-81C8-34FDE95FDE81}"
EndProject
Project("{FAE04EC0-301F-11D3-BF4B-00C04F79EFBC}") = "ThunderHerd.Domain", "ThunderHerd.Domain\ThunderHerd.Domain.csproj", "{9D261EB4-79C0-4842-A01D-66AE0998C0A9}"
EndProject
Global
	GlobalSection(SolutionConfigurationPlatforms) = preSolution
		Debug|Any CPU = Debug|Any CPU
		Release|Any CPU = Release|Any CPU
	EndGlobalSection
	GlobalSection(ProjectConfigurationPlatforms) = postSolution
		{7A258724-0907-4230-9659-2857353CAB4B}.Debug|Any CPU.ActiveCfg = Debug|Any CPU
		{7A258724-0907-4230-9659-2857353CAB4B}.Debug|Any CPU.Build.0 = Debug|Any CPU
		{7A258724-0907-4230-9659-2857353CAB4B}.Release|Any CPU.ActiveCfg = Release|Any CPU
		{7A258724-0907-4230-9659-2857353CAB4B}.Release|Any CPU.Build.0 = Release|Any CPU
		{2BA6CC70-7C07-4D99-81C8-34FDE95FDE81}.Debug|Any CPU.ActiveCfg = Debug|Any CPU
		{2BA6CC70-7C07-4D99-81C8-34FDE95FDE81}.Debug|Any CPU.Build.0 = Debug|Any CPU
		{2BA6CC70-7C07-4D99-81C8-34FDE95FDE81}.Release|Any CPU.ActiveCfg = Release|Any CPU
		{2BA6CC70-7C07-4D99-81C8-34FDE95FDE81}.Release|Any CPU.Build.0 = Release|Any CPU
		{9D261EB4-79C0-4842-A01D-66AE0998C0A9}.Debug|Any CPU.ActiveCfg = Debug|Any CPU
		{9D261EB4-79C0-4842-A01D-66AE0998C0A9}.Debug|Any CPU.Build.0 = Debug|Any CPU
		{9D261EB4-79C0-4842-A01D-66AE0998C0A9}.Release|Any CPU.ActiveCfg = Release|Any CPU
		{9D261EB4-79C0-4842-A01D-66AE0998C0A9}.Release|Any CPU.Build.0 = Release|Any CPU
	EndGlobalSection
	GlobalSection(SolutionProperties) = preSolution
		HideSolutionNode = FALSE
	EndGlobalSection
	GlobalSection(ExtensibilityGlobals) = postSolution
		SolutionGuid = {AAC5A20A-0D62-4405-857F-31A1B62A413E}
	EndGlobalSection
EndGlobal
